
Microsoft Visual Studio Solution File, Format Version 12.00
# Visual Studio 15
Project("{FAE04EC0-301F-11D3-BF4B-00C04F79EFBC}") = "NavMeshPlus", "NavMeshPlus.csproj", "{723309C6-9AEB-AA2F-5D3A-09881354D748}"
EndProject
Project("{FAE04EC0-301F-11D3-BF4B-00C04F79EFBC}") = "Assembly-CSharp", "Assembly-CSharp.csproj", "{DA28F88C-739F-8935-FAC8-4BAAE7A5074B}"
EndProject
Project("{FAE04EC0-301F-11D3-BF4B-00C04F79EFBC}") = "AimingRig", "AimingRig.csproj", "{106BBAE4-175B-6A1F-CFFB-F51B2C93A49C}"
EndProject
Project("{FAE04EC0-301F-11D3-BF4B-00C04F79EFBC}") = "NavMeshPlusEditor", "NavMeshPlusEditor.csproj", "{2689FBCC-B2E1-8C2A-616A-3FAEDBAFCF63}"
EndProject
Global
	GlobalSection(SolutionConfigurationPlatforms) = preSolution
		Debug|Any CPU = Debug|Any CPU
		Release|Any CPU = Release|Any CPU
	EndGlobalSection
	GlobalSection(ProjectConfigurationPlatforms) = postSolution
		{723309C6-9AEB-AA2F-5D3A-09881354D748}.Debug|Any CPU.ActiveCfg = Debug|Any CPU
		{723309C6-9AEB-AA2F-5D3A-09881354D748}.Debug|Any CPU.Build.0 = Debug|Any CPU
		{723309C6-9AEB-AA2F-5D3A-09881354D748}.Release|Any CPU.ActiveCfg = Release|Any CPU
		{723309C6-9AEB-AA2F-5D3A-09881354D748}.Release|Any CPU.Build.0 = Release|Any CPU
		{DA28F88C-739F-8935-FAC8-4BAAE7A5074B}.Debug|Any CPU.ActiveCfg = Debug|Any CPU
		{DA28F88C-739F-8935-FAC8-4BAAE7A5074B}.Debug|Any CPU.Build.0 = Debug|Any CPU
		{DA28F88C-739F-8935-FAC8-4BAAE7A5074B}.Release|Any CPU.ActiveCfg = Release|Any CPU
		{DA28F88C-739F-8935-FAC8-4BAAE7A5074B}.Release|Any CPU.Build.0 = Release|Any CPU
		{106BBAE4-175B-6A1F-CFFB-F51B2C93A49C}.Debug|Any CPU.ActiveCfg = Debug|Any CPU
		{106BBAE4-175B-6A1F-CFFB-F51B2C93A49C}.Debug|Any CPU.Build.0 = Debug|Any CPU
		{106BBAE4-175B-6A1F-CFFB-F51B2C93A49C}.Release|Any CPU.ActiveCfg = Release|Any CPU
		{106BBAE4-175B-6A1F-CFFB-F51B2C93A49C}.Release|Any CPU.Build.0 = Release|Any CPU
		{2689FBCC-B2E1-8C2A-616A-3FAEDBAFCF63}.Debug|Any CPU.ActiveCfg = Debug|Any CPU
		{2689FBCC-B2E1-8C2A-616A-3FAEDBAFCF63}.Debug|Any CPU.Build.0 = Debug|Any CPU
		{2689FBCC-B2E1-8C2A-616A-3FAEDBAFCF63}.Release|Any CPU.ActiveCfg = Release|Any CPU
		{2689FBCC-B2E1-8C2A-616A-3FAEDBAFCF63}.Release|Any CPU.Build.0 = Release|Any CPU
	EndGlobalSection
	GlobalSection(SolutionProperties) = preSolution
		HideSolutionNode = FALSE
	EndGlobalSection
EndGlobal
